
Microsoft Visual Studio Solution File, Format Version 12.00
# Visual Studio 15
VisualStudioVersion = 15.0.28010.2016
MinimumVisualStudioVersion = 10.0.40219.1
Project("{FAE04EC0-301F-11D3-BF4B-00C04F79EFBC}") = "TreeLinq", "TreeLinq\TreeLinq.csproj", "{F3409AA4-EC29-4381-A87A-6441306F9908}"
EndProject
Project("{FAE04EC0-301F-11D3-BF4B-00C04F79EFBC}") = "TreeLinq.Tests.Unit", "TreeLinq.Tests.Unit\TreeLinq.Tests.Unit.csproj", "{C139A330-ED48-4A4E-B7DD-A56CF99573E0}"
EndProject
Global
	GlobalSection(SolutionConfigurationPlatforms) = preSolution
		Debug|Any CPU = Debug|Any CPU
		Release|Any CPU = Release|Any CPU
	EndGlobalSection
	GlobalSection(ProjectConfigurationPlatforms) = postSolution
		{F3409AA4-EC29-4381-A87A-6441306F9908}.Debug|Any CPU.ActiveCfg = Debug|Any CPU
		{F3409AA4-EC29-4381-A87A-6441306F9908}.Debug|Any CPU.Build.0 = Debug|Any CPU
		{F3409AA4-EC29-4381-A87A-6441306F9908}.Release|Any CPU.ActiveCfg = Release|Any CPU
		{F3409AA4-EC29-4381-A87A-6441306F9908}.Release|Any CPU.Build.0 = Release|Any CPU
		{C139A330-ED48-4A4E-B7DD-A56CF99573E0}.Debug|Any CPU.ActiveCfg = Debug|Any CPU
		{C139A330-ED48-4A4E-B7DD-A56CF99573E0}.Debug|Any CPU.Build.0 = Debug|Any CPU
		{C139A330-ED48-4A4E-B7DD-A56CF99573E0}.Release|Any CPU.ActiveCfg = Release|Any CPU
		{C139A330-ED48-4A4E-B7DD-A56CF99573E0}.Release|Any CPU.Build.0 = Release|Any CPU
	EndGlobalSection
	GlobalSection(SolutionProperties) = preSolution
		HideSolutionNode = FALSE
	EndGlobalSection
	GlobalSection(ExtensibilityGlobals) = postSolution
		SolutionGuid = {1C6D4FAB-09F9-4C25-9EAB-15E3B392C828}
	EndGlobalSection
EndGlobal
